
Microsoft Visual Studio Solution File, Format Version 12.00
# Visual Studio Version 17
VisualStudioVersion = 17.7.34024.191
MinimumVisualStudioVersion = 10.0.40219.1
Project("{F184B08F-C81C-45F6-A57F-5ABD9991F28F}") = "Variables", "Variables\Variables.vbproj", "{E61783D7-8A88-4C00-AD7A-9D340164B1A0}"
EndProject
Global
	GlobalSection(SolutionConfigurationPlatforms) = preSolution
		Debug|Any CPU = Debug|Any CPU
		Release|Any CPU = Release|Any CPU
	EndGlobalSection
	GlobalSection(ProjectConfigurationPlatforms) = postSolution
		{E61783D7-8A88-4C00-AD7A-9D340164B1A0}.Debug|Any CPU.ActiveCfg = Debug|Any CPU
		{E61783D7-8A88-4C00-AD7A-9D340164B1A0}.Debug|Any CPU.Build.0 = Debug|Any CPU
		{E61783D7-8A88-4C00-AD7A-9D340164B1A0}.Release|Any CPU.ActiveCfg = Release|Any CPU
		{E61783D7-8A88-4C00-AD7A-9D340164B1A0}.Release|Any CPU.Build.0 = Release|Any CPU
	EndGlobalSection
	GlobalSection(SolutionProperties) = preSolution
		HideSolutionNode = FALSE
	EndGlobalSection
	GlobalSection(ExtensibilityGlobals) = postSolution
		SolutionGuid = {9EFC2C29-F44D-4A99-8098-C43F4CF77BB4}
	EndGlobalSection
EndGlobal
